# This file is automatically @generated by Cargo.
# It is not intended for manual editing.
version = 3

[[package]]
name = "arkley"
version = "0.0.2"
dependencies = [
 "arkley_numerics 0.0.2 (registry+https://github.com/rust-lang/crates.io-index)",
 "arkley_traits 0.0.2 (registry+https://github.com/rust-lang/crates.io-index)",
]

[[package]]
name = "arkley_algebra"
version = "0.0.1"
dependencies = [
 "arkley_numerics 0.0.2",
 "arkley_traits 0.0.2 (registry+https://github.com/rust-lang/crates.io-index)",
]

[[package]]
name = "arkley_describe"
version = "0.1.0"

[[package]]
name = "arkley_numerics"
version = "0.0.2"
dependencies = [
 "arkley_traits 0.0.2 (registry+https://github.com/rust-lang/crates.io-index)",
]

[[package]]
name = "arkley_numerics"
version = "0.0.2"
source = "registry+https://github.com/rust-lang/crates.io-index"
checksum = "082d4a6aa5901feadea9757392a2bc15ff9dccbf8695a43f350efaf1ba2d9a2d"
dependencies = [
 "arkley_traits 0.0.2 (registry+https://github.com/rust-lang/crates.io-index)",
]

[[package]]
name = "arkley_traits"
version = "0.0.2"

[[package]]
name = "arkley_traits"
version = "0.0.2"
source = "registry+https://github.com/rust-lang/crates.io-index"
checksum = "c26f1f80306f04dc0afbec4b9ec68d9afd9083c6ffa3c03b11f470bd5b25ab71"
